
Microsoft Visual Studio Solution File, Format Version 12.00
# Visual Studio Version 17
VisualStudioVersion = 17.4.33103.184
MinimumVisualStudioVersion = 10.0.40219.1
Project("{FAE04EC0-301F-11D3-BF4B-00C04F79EFBC}") = "H1Case2", "H1Case2\H1Case2.csproj", "{FB742725-FFAD-441A-B9D0-086A866FB4BA}"
EndProject
Global
	GlobalSection(SolutionConfigurationPlatforms) = preSolution
		Debug|Any CPU = Debug|Any CPU
		Release|Any CPU = Release|Any CPU
	EndGlobalSection
	GlobalSection(ProjectConfigurationPlatforms) = postSolution
		{FB742725-FFAD-441A-B9D0-086A866FB4BA}.Debug|Any CPU.ActiveCfg = Debug|Any CPU
		{FB742725-FFAD-441A-B9D0-086A866FB4BA}.Debug|Any CPU.Build.0 = Debug|Any CPU
		{FB742725-FFAD-441A-B9D0-086A866FB4BA}.Release|Any CPU.ActiveCfg = Release|Any CPU
		{FB742725-FFAD-441A-B9D0-086A866FB4BA}.Release|Any CPU.Build.0 = Release|Any CPU
	EndGlobalSection
	GlobalSection(SolutionProperties) = preSolution
		HideSolutionNode = FALSE
	EndGlobalSection
	GlobalSection(ExtensibilityGlobals) = postSolution
		SolutionGuid = {1EC80489-815F-4AFB-9F01-368FD7CB1625}
	EndGlobalSection
EndGlobal
